// !$*UTF8*$!
{
	archiveVersion = 1;
	classes = {
	};
	objectVersion = 48;
	objects = {

/* Begin PBXBuildFile section */
		4BD17CB22088E11000A0D960 /* clearSharedMemorySem.c in Sources */ = {isa = PBXBuildFile; fileRef = 4BE9B7AB207124A300A50B05 /* clearSharedMemorySem.c */; };
/* End PBXBuildFile section */

/* Begin PBXCopyFilesBuildPhase section */
		4B6733B0206530B7009C6131 /* CopyFiles */ = {
			isa = PBXCopyFilesBuildPhase;
			buildActionMask = 2147483647;
			dstPath = /usr/share/man/man1/;
			dstSubfolderSpec = 0;
			files = (
			);
			runOnlyForDeploymentPostprocessing = 1;
		};
/* End PBXCopyFilesBuildPhase section */

/* Begin PBXFileReference section */
		4B06102A20677E5800D8ABB5 /* createSharedVarsSem.c */ = {isa = PBXFileReference; lastKnownFileType = sourcecode.c.c; path = createSharedVarsSem.c; sourceTree = "<group>"; };
		4B06102C20678A9300D8ABB5 /* ProducerSem.c */ = {isa = PBXFileReference; lastKnownFileType = sourcecode.c.c; path = ProducerSem.c; sourceTree = "<group>"; };
		4B061031206790E200D8ABB5 /* ConsumerSem.c */ = {isa = PBXFileReference; lastKnownFileType = sourcecode.c.c; path = ConsumerSem.c; sourceTree = "<group>"; };
		4B06C36B20659BEF009B58B1 /* createSharedVars.c */ = {isa = PBXFileReference; lastKnownFileType = sourcecode.c.c; path = createSharedVars.c; sourceTree = "<group>"; };
		4B06C36D2065A3BD009B58B1 /* Producer.c */ = {isa = PBXFileReference; lastKnownFileType = sourcecode.c.c; path = Producer.c; sourceTree = "<group>"; };
		4B06C36F2065A720009B58B1 /* Consumer.c */ = {isa = PBXFileReference; lastKnownFileType = sourcecode.c.c; path = Consumer.c; sourceTree = "<group>"; };
		4B6733B2206530B7009C6131 /* OSAssignments */ = {isa = PBXFileReference; explicitFileType = "compiled.mach-o.executable"; includeInIndex = 0; path = OSAssignments; sourceTree = BUILT_PRODUCTS_DIR; };
		4B6733B5206530B7009C6131 /* main.c */ = {isa = PBXFileReference; lastKnownFileType = sourcecode.c.c; path = main.c; sourceTree = "<group>"; };
		4B6733BC206530D7009C6131 /* SharedProcess.c */ = {isa = PBXFileReference; lastKnownFileType = sourcecode.c.c; path = SharedProcess.c; sourceTree = "<group>"; };
		4B6733BE2065382F009C6131 /* SharedProcess1.c */ = {isa = PBXFileReference; lastKnownFileType = sourcecode.c.c; path = SharedProcess1.c; sourceTree = "<group>"; };
		4BB0E0A32087D6B600A2280B /* MemAlloc.c */ = {isa = PBXFileReference; lastKnownFileType = sourcecode.c.c; path = MemAlloc.c; sourceTree = "<group>"; };
		4BB0E0A42087D6B600A2280B /* LinkedAllocation.c */ = {isa = PBXFileReference; lastKnownFileType = sourcecode.c.c; path = LinkedAllocation.c; sourceTree = "<group>"; };
		4BE9B7AB207124A300A50B05 /* clearSharedMemorySem.c */ = {isa = PBXFileReference; lastKnownFileType = sourcecode.c.c; path = clearSharedMemorySem.c; sourceTree = "<group>"; };
/* End PBXFileReference section */

/* Begin PBXFrameworksBuildPhase section */
		4B6733AF206530B7009C6131 /* Frameworks */ = {
			isa = PBXFrameworksBuildPhase;
			buildActionMask = 2147483647;
			files = (
			);
			runOnlyForDeploymentPostprocessing = 0;
		};
/* End PBXFrameworksBuildPhase section */

/* Begin PBXGroup section */
		4B6733A9206530B7009C6131 = {
			isa = PBXGroup;
			children = (
				4B6733B4206530B7009C6131 /* OSAssignments */,
				4B6733B3206530B7009C6131 /* Products */,
			);
			sourceTree = "<group>";
		};
		4B6733B3206530B7009C6131 /* Products */ = {
			isa = PBXGroup;
			children = (
				4B6733B2206530B7009C6131 /* OSAssignments */,
			);
			name = Products;
			sourceTree = "<group>";
		};
		4B6733B4206530B7009C6131 /* OSAssignments */ = {
			isa = PBXGroup;
			children = (
				4BB0E0A42087D6B600A2280B /* LinkedAllocation.c */,
				4BB0E0A32087D6B600A2280B /* MemAlloc.c */,
				4B6733B5206530B7009C6131 /* main.c */,
				4B6733BC206530D7009C6131 /* SharedProcess.c */,
				4B6733BE2065382F009C6131 /* SharedProcess1.c */,
				4B06C36B20659BEF009B58B1 /* createSharedVars.c */,
				4B06C36D2065A3BD009B58B1 /* Producer.c */,
				4B06C36F2065A720009B58B1 /* Consumer.c */,
				4B06102A20677E5800D8ABB5 /* createSharedVarsSem.c */,
				4B06102C20678A9300D8ABB5 /* ProducerSem.c */,
				4B061031206790E200D8ABB5 /* ConsumerSem.c */,
				4BE9B7AB207124A300A50B05 /* clearSharedMemorySem.c */,
			);
			path = OSAssignments;
			sourceTree = "<group>";
		};
/* End PBXGroup section */

/* Begin PBXNativeTarget section */
		4B6733B1206530B7009C6131 /* OSAssignments */ = {
			isa = PBXNativeTarget;
			buildConfigurationList = 4B6733B9206530B7009C6131 /* Build configuration list for PBXNativeTarget "OSAssignments" */;
			buildPhases = (
				4B6733AE206530B7009C6131 /* Sources */,
				4B6733AF206530B7009C6131 /* Frameworks */,
				4B6733B0206530B7009C6131 /* CopyFiles */,
			);
			buildRules = (
			);
			dependencies = (
			);
			name = OSAssignments;
			productName = OSAssignments;
			productReference = 4B6733B2206530B7009C6131 /* OSAssignments */;
			productType = "com.apple.product-type.tool";
		};
/* End PBXNativeTarget section */

/* Begin PBXProject section */
		4B6733AA206530B7009C6131 /* Project object */ = {
			isa = PBXProject;
			attributes = {
				LastUpgradeCheck = 0920;
				ORGANIZATIONNAME = "Arnab Sen";
				TargetAttributes = {
					4B6733B1206530B7009C6131 = {
						CreatedOnToolsVersion = 9.2;
						ProvisioningStyle = Automatic;
					};
				};
			};
			buildConfigurationList = 4B6733AD206530B7009C6131 /* Build configuration list for PBXProject "OSAssignments" */;
			compatibilityVersion = "Xcode 8.0";
			developmentRegion = en;
			hasScannedForEncodings = 0;
			knownRegions = (
				en,
			);
			mainGroup = 4B6733A9206530B7009C6131;
			productRefGroup = 4B6733B3206530B7009C6131 /* Products */;
			projectDirPath = "";
			projectRoot = "";
			targets = (
				4B6733B1206530B7009C6131 /* OSAssignments */,
			);
		};
/* End PBXProject section */

/* Begin PBXSourcesBuildPhase section */
		4B6733AE206530B7009C6131 /* Sources */ = {
			isa = PBXSourcesBuildPhase;
			buildActionMask = 2147483647;
			files = (
				4BD17CB22088E11000A0D960 /* clearSharedMemorySem.c in Sources */,
			);
			runOnlyForDeploymentPostprocessing = 0;
		};
/* End PBXSourcesBuildPhase section */

/* Begin XCBuildConfiguration section */
		4B6733B7206530B7009C6131 /* Debug */ = {
			isa = XCBuildConfiguration;
			buildSettings = {
				ALWAYS_SEARCH_USER_PATHS = NO;
				CLANG_ANALYZER_NONNULL = YES;
				CLANG_ANALYZER_NUMBER_OBJECT_CONVERSION = YES_AGGRESSIVE;
				CLANG_CXX_LANGUAGE_STANDARD = "gnu++14";
				CLANG_CXX_LIBRARY = "libc++";
				CLANG_ENABLE_MODULES = YES;
				CLANG_ENABLE_OBJC_ARC = YES;
				CLANG_WARN_BLOCK_CAPTURE_AUTORELEASING = YES;
				CLANG_WARN_BOOL_CONVERSION = YES;
				CLANG_WARN_COMMA = YES;
				CLANG_WARN_CONSTANT_CONVERSION = YES;
				CLANG_WARN_DIRECT_OBJC_ISA_USAGE = YES_ERROR;
				CLANG_WARN_DOCUMENTATION_COMMENTS = YES;
				CLANG_WARN_EMPTY_BODY = YES;
				CLANG_WARN_ENUM_CONVERSION = YES;
				CLANG_WARN_INFINITE_RECURSION = YES;
				CLANG_WARN_INT_CONVERSION = YES;
				CLANG_WARN_NON_LITERAL_NULL_CONVERSION = YES;
				CLANG_WARN_OBJC_LITERAL_CONVERSION = YES;
				CLANG_WARN_OBJC_ROOT_CLASS = YES_ERROR;
				CLANG_WARN_RANGE_LOOP_ANALYSIS = YES;
				CLANG_WARN_STRICT_PROTOTYPES = YES;
				CLANG_WARN_SUSPICIOUS_MOVE = YES;
				CLANG_WARN_UNGUARDED_AVAILABILITY = YES_AGGRESSIVE;
				CLANG_WARN_UNREACHABLE_CODE = YES;
				CLANG_WARN__DUPLICATE_METHOD_MATCH = YES;
				CODE_SIGN_IDENTITY = "Mac Developer";
				COPY_PHASE_STRIP = NO;
				DEBUG_INFORMATION_FORMAT = dwarf;
				ENABLE_STRICT_OBJC_MSGSEND = YES;
				ENABLE_TESTABILITY = YES;
				GCC_C_LANGUAGE_STANDARD = gnu11;
				GCC_DYNAMIC_NO_PIC = NO;
				GCC_NO_COMMON_BLOCKS = YES;
				GCC_OPTIMIZATION_LEVEL = 0;
				GCC_PREPROCESSOR_DEFINITIONS = (
					"DEBUG=1",
					"$(inherited)",
				);
				GCC_WARN_64_TO_32_BIT_CONVERSION = YES;
				GCC_WARN_ABOUT_RETURN_TYPE = YES_ERROR;
				GCC_WARN_UNDECLARED_SELECTOR = YES;
				GCC_WARN_UNINITIALIZED_AUTOS = YES_AGGRESSIVE;
				GCC_WARN_UNUSED_FUNCTION = YES;
				GCC_WARN_UNUSED_VARIABLE = YES;
				MACOSX_DEPLOYMENT_TARGET = 10.13;
				MTL_ENABLE_DEBUG_INFO = YES;
				ONLY_ACTIVE_ARCH = YES;
				SDKROOT = macosx;
			};
			name = Debug;
		};
		4B6733B8206530B7009C6131 /* Release */ = {
			isa = XCBuildConfiguration;
			buildSettings = {
				ALWAYS_SEARCH_USER_PATHS = NO;
				CLANG_ANALYZER_NONNULL = YES;
				CLANG_ANALYZER_NUMBER_OBJECT_CONVERSION = YES_AGGRESSIVE;
				CLANG_CXX_LANGUAGE_STANDARD = "gnu++14";
				CLANG_CXX_LIBRARY = "libc++";
				CLANG_ENABLE_MODULES = YES;
				CLANG_ENABLE_OBJC_ARC = YES;
				CLANG_WARN_BLOCK_CAPTURE_AUTORELEASING = YES;
				CLANG_WARN_BOOL_CONVERSION = YES;
				CLANG_WARN_COMMA = YES;
				CLANG_WARN_CONSTANT_CONVERSION = YES;
				CLANG_WARN_DIRECT_OBJC_ISA_USAGE = YES_ERROR;
				CLANG_WARN_DOCUMENTATION_COMMENTS = YES;
				CLANG_WARN_EMPTY_BODY = YES;
				CLANG_WARN_ENUM_CONVERSION = YES;
				CLANG_WARN_INFINITE_RECURSION = YES;
				CLANG_WARN_INT_CONVERSION = YES;
				CLANG_WARN_NON_LITERAL_NULL_CONVERSION = YES;
				CLANG_WARN_OBJC_LITERAL_CONVERSION = YES;
				CLANG_WARN_OBJC_ROOT_CLASS = YES_ERROR;
				CLANG_WARN_RANGE_LOOP_ANALYSIS = YES;
				CLANG_WARN_STRICT_PROTOTYPES = YES;
				CLANG_WARN_SUSPICIOUS_MOVE = YES;
				CLANG_WARN_UNGUARDED_AVAILABILITY = YES_AGGRESSIVE;
				CLANG_WARN_UNREACHABLE_CODE = YES;
				CLANG_WARN__DUPLICATE_METHOD_MATCH = YES;
				CODE_SIGN_IDENTITY = "Mac Developer";
				COPY_PHASE_STRIP = NO;
				DEBUG_INFORMATION_FORMAT = "dwarf-with-dsym";
				ENABLE_NS_ASSERTIONS = NO;
				ENABLE_STRICT_OBJC_MSGSEND = YES;
				GCC_C_LANGUAGE_STANDARD = gnu11;
				GCC_NO_COMMON_BLOCKS = YES;
				GCC_WARN_64_TO_32_BIT_CONVERSION = YES;
				GCC_WARN_ABOUT_RETURN_TYPE = YES_ERROR;
				GCC_WARN_UNDECLARED_SELECTOR = YES;
				GCC_WARN_UNINITIALIZED_AUTOS = YES_AGGRESSIVE;
				GCC_WARN_UNUSED_FUNCTION = YES;
				GCC_WARN_UNUSED_VARIABLE = YES;
				MACOSX_DEPLOYMENT_TARGET = 10.13;
				MTL_ENABLE_DEBUG_INFO = NO;
				SDKROOT = macosx;
			};
			name = Release;
		};
		4B6733BA206530B7009C6131 /* Debug */ = {
			isa = XCBuildConfiguration;
			buildSettings = {
				CODE_SIGN_STYLE = Automatic;
				DEVELOPMENT_TEAM = 3DUBQRY283;
				PRODUCT_NAME = "$(TARGET_NAME)";
			};
			name = Debug;
		};
		4B6733BB206530B7009C6131 /* Release */ = {
			isa = XCBuildConfiguration;
			buildSettings = {
				CODE_SIGN_STYLE = Automatic;
				DEVELOPMENT_TEAM = 3DUBQRY283;
				PRODUCT_NAME = "$(TARGET_NAME)";
			};
			name = Release;
		};
/* End XCBuildConfiguration section */

/* Begin XCConfigurationList section */
		4B6733AD206530B7009C6131 /* Build configuration list for PBXProject "OSAssignments" */ = {
			isa = XCConfigurationList;
			buildConfigurations = (
				4B6733B7206530B7009C6131 /* Debug */,
				4B6733B8206530B7009C6131 /* Release */,
			);
			defaultConfigurationIsVisible = 0;
			defaultConfigurationName = Release;
		};
		4B6733B9206530B7009C6131 /* Build configuration list for PBXNativeTarget "OSAssignments" */ = {
			isa = XCConfigurationList;
			buildConfigurations = (
				4B6733BA206530B7009C6131 /* Debug */,
				4B6733BB206530B7009C6131 /* Release */,
			);
			defaultConfigurationIsVisible = 0;
			defaultConfigurationName = Release;
		};
/* End XCConfigurationList section */
	};
	rootObject = 4B6733AA206530B7009C6131 /* Project object */;
}
